
Microsoft Visual Studio Solution File, Format Version 12.00
# Visual Studio 2013
VisualStudioVersion = 12.0.21005.1
MinimumVisualStudioVersion = 10.0.40219.1
Project("{FAE04EC0-301F-11D3-BF4B-00C04F79EFBC}") = "EF-Audit", "EF-Audit\EF-Audit.csproj", "{EA25A9F8-3F4C-4145-827D-019673E1384D}"
EndProject
Global
	GlobalSection(SolutionConfigurationPlatforms) = preSolution
		Debug|Any CPU = Debug|Any CPU
		Release|Any CPU = Release|Any CPU
	EndGlobalSection
	GlobalSection(ProjectConfigurationPlatforms) = postSolution
		{EA25A9F8-3F4C-4145-827D-019673E1384D}.Debug|Any CPU.ActiveCfg = Debug|Any CPU
		{EA25A9F8-3F4C-4145-827D-019673E1384D}.Debug|Any CPU.Build.0 = Debug|Any CPU
		{EA25A9F8-3F4C-4145-827D-019673E1384D}.Release|Any CPU.ActiveCfg = Release|Any CPU
		{EA25A9F8-3F4C-4145-827D-019673E1384D}.Release|Any CPU.Build.0 = Release|Any CPU
	EndGlobalSection
	GlobalSection(SolutionProperties) = preSolution
		HideSolutionNode = FALSE
	EndGlobalSection
EndGlobal
