
Microsoft Visual Studio Solution File, Format Version 12.00
# Visual Studio 2013
VisualStudioVersion = 12.0.21005.1
MinimumVisualStudioVersion = 10.0.40219.1
Project("{FAE04EC0-301F-11D3-BF4B-00C04F79EFBC}") = "EF-Audit", "EF-Audit\EF-Audit.csproj", "{EA25A9F8-3F4C-4145-827D-019673E1384D}"
EndProject
Project("{FAE04EC0-301F-11D3-BF4B-00C04F79EFBC}") = "ChngTracker", "ChngTracker\ChngTracker.csproj", "{59EC8634-168A-409A-8BC0-91D9B178D194}"
EndProject
Project("{FAE04EC0-301F-11D3-BF4B-00C04F79EFBC}") = "TrackerEnabledCtx", "TrackerEnabledCtx\TrackerEnabledCtx.csproj", "{D321F845-8F3D-468F-BC78-E6DAD8D49A01}"
EndProject
Global
	GlobalSection(SolutionConfigurationPlatforms) = preSolution
		Debug|Any CPU = Debug|Any CPU
		Release|Any CPU = Release|Any CPU
	EndGlobalSection
	GlobalSection(ProjectConfigurationPlatforms) = postSolution
		{EA25A9F8-3F4C-4145-827D-019673E1384D}.Debug|Any CPU.ActiveCfg = Debug|Any CPU
		{EA25A9F8-3F4C-4145-827D-019673E1384D}.Debug|Any CPU.Build.0 = Debug|Any CPU
		{EA25A9F8-3F4C-4145-827D-019673E1384D}.Release|Any CPU.ActiveCfg = Release|Any CPU
		{EA25A9F8-3F4C-4145-827D-019673E1384D}.Release|Any CPU.Build.0 = Release|Any CPU
		{59EC8634-168A-409A-8BC0-91D9B178D194}.Debug|Any CPU.ActiveCfg = Debug|Any CPU
		{59EC8634-168A-409A-8BC0-91D9B178D194}.Debug|Any CPU.Build.0 = Debug|Any CPU
		{59EC8634-168A-409A-8BC0-91D9B178D194}.Release|Any CPU.ActiveCfg = Release|Any CPU
		{59EC8634-168A-409A-8BC0-91D9B178D194}.Release|Any CPU.Build.0 = Release|Any CPU
		{D321F845-8F3D-468F-BC78-E6DAD8D49A01}.Debug|Any CPU.ActiveCfg = Debug|Any CPU
		{D321F845-8F3D-468F-BC78-E6DAD8D49A01}.Debug|Any CPU.Build.0 = Debug|Any CPU
		{D321F845-8F3D-468F-BC78-E6DAD8D49A01}.Release|Any CPU.ActiveCfg = Release|Any CPU
		{D321F845-8F3D-468F-BC78-E6DAD8D49A01}.Release|Any CPU.Build.0 = Release|Any CPU
	EndGlobalSection
	GlobalSection(SolutionProperties) = preSolution
		HideSolutionNode = FALSE
	EndGlobalSection
EndGlobal
